
Microsoft Visual Studio Solution File, Format Version 12.00
# Visual Studio 14
VisualStudioVersion = 14.0.23107.0
MinimumVisualStudioVersion = 10.0.40219.1
Project("{FAE04EC0-301F-11D3-BF4B-00C04F79EFBC}") = "eBazar.Web", "eBazar.Web\eBazar.Web.csproj", "{01F674FF-66EE-4490-AEEE-D5FDF68FAAA3}"
EndProject
Project("{FAE04EC0-301F-11D3-BF4B-00C04F79EFBC}") = "eBazar.Entities", "eBazar.Entities\eBazar.Entities.csproj", "{C8D762A1-7EC6-4E17-88A8-F732D5A8BF62}"
EndProject
Project("{FAE04EC0-301F-11D3-BF4B-00C04F79EFBC}") = "eBazar.Database", "eBazar.Database\eBazar.Database.csproj", "{56318038-A088-4251-950A-E05F31B0120F}"
EndProject
Project("{FAE04EC0-301F-11D3-BF4B-00C04F79EFBC}") = "eBazar.Services", "eBazar.Services\eBazar.Services.csproj", "{E7D35E1D-6147-4F1B-A026-578B23F56E42}"
EndProject
Global
	GlobalSection(SolutionConfigurationPlatforms) = preSolution
		Debug|Any CPU = Debug|Any CPU
		Release|Any CPU = Release|Any CPU
	EndGlobalSection
	GlobalSection(ProjectConfigurationPlatforms) = postSolution
		{01F674FF-66EE-4490-AEEE-D5FDF68FAAA3}.Debug|Any CPU.ActiveCfg = Debug|Any CPU
		{01F674FF-66EE-4490-AEEE-D5FDF68FAAA3}.Debug|Any CPU.Build.0 = Debug|Any CPU
		{01F674FF-66EE-4490-AEEE-D5FDF68FAAA3}.Release|Any CPU.ActiveCfg = Release|Any CPU
		{01F674FF-66EE-4490-AEEE-D5FDF68FAAA3}.Release|Any CPU.Build.0 = Release|Any CPU
		{C8D762A1-7EC6-4E17-88A8-F732D5A8BF62}.Debug|Any CPU.ActiveCfg = Debug|Any CPU
		{C8D762A1-7EC6-4E17-88A8-F732D5A8BF62}.Debug|Any CPU.Build.0 = Debug|Any CPU
		{C8D762A1-7EC6-4E17-88A8-F732D5A8BF62}.Release|Any CPU.ActiveCfg = Release|Any CPU
		{C8D762A1-7EC6-4E17-88A8-F732D5A8BF62}.Release|Any CPU.Build.0 = Release|Any CPU
		{56318038-A088-4251-950A-E05F31B0120F}.Debug|Any CPU.ActiveCfg = Debug|Any CPU
		{56318038-A088-4251-950A-E05F31B0120F}.Debug|Any CPU.Build.0 = Debug|Any CPU
		{56318038-A088-4251-950A-E05F31B0120F}.Release|Any CPU.ActiveCfg = Release|Any CPU
		{56318038-A088-4251-950A-E05F31B0120F}.Release|Any CPU.Build.0 = Release|Any CPU
		{E7D35E1D-6147-4F1B-A026-578B23F56E42}.Debug|Any CPU.ActiveCfg = Debug|Any CPU
		{E7D35E1D-6147-4F1B-A026-578B23F56E42}.Debug|Any CPU.Build.0 = Debug|Any CPU
		{E7D35E1D-6147-4F1B-A026-578B23F56E42}.Release|Any CPU.ActiveCfg = Release|Any CPU
		{E7D35E1D-6147-4F1B-A026-578B23F56E42}.Release|Any CPU.Build.0 = Release|Any CPU
	EndGlobalSection
	GlobalSection(SolutionProperties) = preSolution
		HideSolutionNode = FALSE
	EndGlobalSection
EndGlobal
